
Microsoft Visual Studio Solution File, Format Version 12.00
# Visual Studio Version 16
VisualStudioVersion = 16.0.29709.97
MinimumVisualStudioVersion = 10.0.40219.1
Project("{9A19103F-16F7-4668-BE54-9A1E7A4F7556}") = "API", "API\API.csproj", "{7BDDD2CA-FED4-48C4-9984-B64687AD3F10}"
EndProject
Project("{9A19103F-16F7-4668-BE54-9A1E7A4F7556}") = "Core", "Core\Core.csproj", "{9EC0C5F1-152F-4919-AEAD-5FB74E441ED3}"
EndProject
Project("{9A19103F-16F7-4668-BE54-9A1E7A4F7556}") = "DataAccess", "DataAccess\DataAccess.csproj", "{6244D9BE-867E-44AD-A97D-0B5F2D58A682}"
EndProject
Project("{FAE04EC0-301F-11D3-BF4B-00C04F79EFBC}") = "Services", "Services\Services.csproj", "{078849D1-05CC-408E-8B3F-C83B7ABB6B8A}"
EndProject
Global
	GlobalSection(SolutionConfigurationPlatforms) = preSolution
		Debug|Any CPU = Debug|Any CPU
		Release|Any CPU = Release|Any CPU
	EndGlobalSection
	GlobalSection(ProjectConfigurationPlatforms) = postSolution
		{7BDDD2CA-FED4-48C4-9984-B64687AD3F10}.Debug|Any CPU.ActiveCfg = Debug|Any CPU
		{7BDDD2CA-FED4-48C4-9984-B64687AD3F10}.Debug|Any CPU.Build.0 = Debug|Any CPU
		{7BDDD2CA-FED4-48C4-9984-B64687AD3F10}.Release|Any CPU.ActiveCfg = Release|Any CPU
		{7BDDD2CA-FED4-48C4-9984-B64687AD3F10}.Release|Any CPU.Build.0 = Release|Any CPU
		{9EC0C5F1-152F-4919-AEAD-5FB74E441ED3}.Debug|Any CPU.ActiveCfg = Debug|Any CPU
		{9EC0C5F1-152F-4919-AEAD-5FB74E441ED3}.Debug|Any CPU.Build.0 = Debug|Any CPU
		{9EC0C5F1-152F-4919-AEAD-5FB74E441ED3}.Release|Any CPU.ActiveCfg = Release|Any CPU
		{9EC0C5F1-152F-4919-AEAD-5FB74E441ED3}.Release|Any CPU.Build.0 = Release|Any CPU
		{6244D9BE-867E-44AD-A97D-0B5F2D58A682}.Debug|Any CPU.ActiveCfg = Debug|Any CPU
		{6244D9BE-867E-44AD-A97D-0B5F2D58A682}.Debug|Any CPU.Build.0 = Debug|Any CPU
		{6244D9BE-867E-44AD-A97D-0B5F2D58A682}.Release|Any CPU.ActiveCfg = Release|Any CPU
		{6244D9BE-867E-44AD-A97D-0B5F2D58A682}.Release|Any CPU.Build.0 = Release|Any CPU
		{078849D1-05CC-408E-8B3F-C83B7ABB6B8A}.Debug|Any CPU.ActiveCfg = Debug|Any CPU
		{078849D1-05CC-408E-8B3F-C83B7ABB6B8A}.Debug|Any CPU.Build.0 = Debug|Any CPU
		{078849D1-05CC-408E-8B3F-C83B7ABB6B8A}.Release|Any CPU.ActiveCfg = Release|Any CPU
		{078849D1-05CC-408E-8B3F-C83B7ABB6B8A}.Release|Any CPU.Build.0 = Release|Any CPU
	EndGlobalSection
	GlobalSection(SolutionProperties) = preSolution
		HideSolutionNode = FALSE
	EndGlobalSection
	GlobalSection(ExtensibilityGlobals) = postSolution
		SolutionGuid = {50154B45-1CD6-4E56-9945-B5C0490051F7}
	EndGlobalSection
EndGlobal
